{
  "requires": true,
  "lockfileVersion": 1,
  "dependencies": {
    "mdb-vue-drag-and-drop": {
      "version": "git+https://oauth2:n8nhsi46jxdGUa7ABLEH@git.mdbootstrap.com/mdb/vue/mdb5/plugins/prd/drag-and-drop.git#fcb6961b171ca20340b75664ac6eca57a24b099f",
      "from": "git+https://oauth2:n8nhsi46jxdGUa7ABLEH@git.mdbootstrap.com/mdb/vue/mdb5/plugins/prd/drag-and-drop.git"
    }
  }
}
